
Microsoft Visual Studio Solution File, Format Version 12.00
# Visual Studio 15
VisualStudioVersion = 15.0.27130.2024
MinimumVisualStudioVersion = 10.0.40219.1
Project("{FAE04EC0-301F-11D3-BF4B-00C04F79EFBC}") = "Social.Logins.Web", "Social.Logins.Web\Social.Logins.Web.csproj", "{518FCFC3-3506-4FB4-9B84-17ADE4755680}"
EndProject
Global
	GlobalSection(SolutionConfigurationPlatforms) = preSolution
		Debug|Any CPU = Debug|Any CPU
		Release|Any CPU = Release|Any CPU
	EndGlobalSection
	GlobalSection(ProjectConfigurationPlatforms) = postSolution
		{518FCFC3-3506-4FB4-9B84-17ADE4755680}.Debug|Any CPU.ActiveCfg = Debug|Any CPU
		{518FCFC3-3506-4FB4-9B84-17ADE4755680}.Debug|Any CPU.Build.0 = Debug|Any CPU
		{518FCFC3-3506-4FB4-9B84-17ADE4755680}.Release|Any CPU.ActiveCfg = Release|Any CPU
		{518FCFC3-3506-4FB4-9B84-17ADE4755680}.Release|Any CPU.Build.0 = Release|Any CPU
	EndGlobalSection
	GlobalSection(SolutionProperties) = preSolution
		HideSolutionNode = FALSE
	EndGlobalSection
	GlobalSection(ExtensibilityGlobals) = postSolution
		SolutionGuid = {036A711E-797C-4FA6-A72E-8DFD14FCA91B}
	EndGlobalSection
EndGlobal
